{
    "_readme": [
        "This file locks the dependencies of your project to a known state",
        "Read more about it at https://getcomposer.org/doc/01-basic-usage.md#installing-dependencies",
        "This file is @generated automatically"
    ],
    "content-hash": "b009ff3f679919b54e357b6f8a474c18",
    "packages": [
        {
            "name": "ergebnis/composer-normalize",
            "version": "2.47.0",
            "source": {
                "type": "git",
                "url": "https://github.com/ergebnis/composer-normalize.git",
                "reference": "ed24b9f8901f8fbafeca98f662eaca39427f0544"
            },
            "dist": {
                "type": "zip",
                "url": "https://api.github.com/repos/ergebnis/composer-normalize/zipball/ed24b9f8901f8fbafeca98f662eaca39427f0544",
                "reference": "ed24b9f8901f8fbafeca98f662eaca39427f0544"
            },
            "require": {
                "composer-plugin-api": "^2.0.0",
                "ergebnis/json": "^1.4.0",
                "ergebnis/json-normalizer": "^4.9.0",
                "ergebnis/json-printer": "^3.7.0",
                "ext-json": "*",
                "justinrainbow/json-schema": "^5.2.12 || ^6.0.0",
                "localheinz/diff": "^1.2.0",
                "php": "~7.4.0 || ~8.0.0 || ~8.1.0 || ~8.2.0 || ~8.3.0 || ~8.4.0"
            },
            "type": "composer-plugin",
            "extra": {
                "class": "Ergebnis\\Composer\\Normalize\\NormalizePlugin",
                "branch-alias": {
                    "dev-main": "2.44-dev"
                },
                "plugin-optional": true,
                "composer-normalize": {
                    "indent-size": 2,
                    "indent-style": "space"
                }
            },
            "autoload": {
                "psr-4": {
                    "Ergebnis\\Composer\\Normalize\\": "src/"
                }
            },
            "license": [
                "MIT"
            ],
            "description": "Provides a composer plugin for normalizing composer.json."
        },
        {
            "name": "ergebnis/json",
            "version": "1.4.0",
            "source": {
                "type": "git",
                "url": "https://github.com/ergebnis/json.git",
                "reference": "7656ac2aa6c2ca4408f96f599e9a17a22c464f69"
            },
            "dist": {
                "type": "zip",
                "url": "https://api.github.com/repos/ergebnis/json/zipball/7656ac2aa6c2ca4408f96f599e9a17a22c464f69",
                "reference": "7656ac2aa6c2ca4408f96f599e9a17a22c464f69"
            },
            "require": {
                "ext-json": "*",
                "php": "~7.4.0 || ~8.0.0 || ~8.1.0 || ~8.2.0 || ~8.3.0 || ~8.4.0"
            },
            "type": "library",
            "extra": {
                "composer-normalize": {
                    "indent-size": 2,
                    "indent-style": "space"
                }
            },
            "autoload": {
                "psr-4": {
                    "Ergebnis\\Json\\": "src/"
                }
            },
            "license": [
                "MIT"
            ],
            "description": "Provides a Json value object for representing a valid JSON string."
        },
        {
            "name": "ergebnis/json-normalizer",
            "version": "4.9.0",
            "source": {
                "type": "git",
                "url": "https://github.com/ergebnis/json-normalizer.git",
                "reference": "cc4dcf3890448572a2d9bea97133c4d860e59fb1"
            },
            "dist": {
                "type": "zip",
                "url": "https://api.github.com/repos/ergebnis/json-normalizer/zipball/cc4dcf3890448572a2d9bea97133c4d860e59fb1",
                "reference": "cc4dcf3890448572a2d9bea97133c4d860e59fb1"
            },
            "require": {
                "ergebnis/json": "^1.2.0",
                "ergebnis/json-pointer": "^3.4.0",
                "ergebnis/json-printer": "^3.5.0",
                "ergebnis/json-schema-validator": "^4.2.0",
                "ext-json": "*",
                "justinrainbow/json-schema": "^5.2.12 || ^6.0.0",
                "php": "~7.4.0 || ~8.0.0 || ~8.1.0 || ~8.2.0 || ~8.3.0 || ~8.4.0"
            },
            "type": "library",
            "extra": {
                "branch-alias": {
                    "dev-main": "4.8-dev"
                },
                "composer-normalize": {
                    "indent-size": 2,
                    "indent-style": "space"
                }
            },
            "autoload": {
                "psr-4": {
                    "Ergebnis\\Json\\Normalizer\\": "src/"
                }
            },
            "license": [
                "MIT"
            ],
            "description": "Provides generic and vendor-specific normalizers for normalizing JSON documents."
        },
        {
            "name": "ergebnis/json-pointer",
            "version": "3.6.0",
            "source": {
                "type": "git",
                "url": "https://github.com/ergebnis/json-pointer.git",
                "reference": "4fc85d8edb74466d282119d8d9541ec7cffc0798"
            },
            "dist": {
                "type": "zip",
                "url": "https://api.github.com/repos/ergebnis/json-pointer/zipball/4fc85d8edb74466d282119d8d9541ec7cffc0798",
                "reference": "4fc85d8edb74466d282119d8d9541ec7cffc0798"
            },
            "require": {
                "php": "~7.4.0 || ~8.0.0 || ~8.1.0 || ~8.2.0 || ~8.3.0 || ~8.4.0"
            },
            "type": "library",
            "extra": {
                "branch-alias": {
                    "dev-main": "3.6-dev"
                },
                "composer-normalize": {
                    "indent-size": 2,
                    "indent-style": "space"
                }
            },
            "autoload": {
                "psr-4": {
                    "Ergebnis\\Json\\Pointer\\": "src/"
                }
            },
            "license": [
                "MIT"
            ],
            "description": "Provides an abstraction of a JSON pointer."
        },
        {
            "name": "ergebnis/json-printer",
            "version": "3.7.0",
            "source": {
                "type": "git",
                "url": "https://github.com/ergebnis/json-printer.git",
                "reference": "ced41fce7854152f0e8f38793c2ffe59513cdd82"
            },
            "dist": {
                "type": "zip",
                "url": "https://api.github.com/repos/ergebnis/json-printer/zipball/ced41fce7854152f0e8f38793c2ffe59513cdd82",
                "reference": "ced41fce7854152f0e8f38793c2ffe59513cdd82"
            },
            "require": {
                "ext-json": "*",
                "ext-mbstring": "*",
                "php": "~7.4.0 || ~8.0.0 || ~8.1.0 || ~8.2.0 || ~8.3.0 || ~8.4.0"
            },
            "type": "library",
            "autoload": {
                "psr-4": {
                    "Ergebnis\\Json\\Printer\\": "src/"
                }
            },
            "license": [
                "MIT"
            ],
            "description": "Provides a JSON printer, allowing for flexible indentation."
        },
        {
            "name": "ergebnis/json-schema-validator",
            "version": "4.4.0",
            "source": {
                "type": "git",
                "url": "https://github.com/ergebnis/json-schema-validator.git",
                "reference": "85f90c81f718aebba1d738800af83eeb447dc7ec"
            },
            "dist": {
                "type": "zip",
                "url": "https://api.github.com/repos/ergebnis/json-schema-validator/zipball/85f90c81f718aebba1d738800af83eeb447dc7ec",
                "reference": "85f90c81f718aebba1d738800af83eeb447dc7ec"
            },
            "require": {
                "ergebnis/json": "^1.2.0",
                "ergebnis/json-pointer": "^3.4.0",
                "ext-json": "*",
                "justinrainbow/json-schema": "^5.2.12 || ^6.0.0",
                "php": "~7.4.0 || ~8.0.0 || ~8.1.0 || ~8.2.0 || ~8.3.0 || ~8.4.0"
            },
            "type": "library",
            "extra": {
                "branch-alias": {
                    "dev-main": "4.4-dev"
                },
                "composer-normalize": {
                    "indent-size": 2,
                    "indent-style": "space"
                }
            },
            "autoload": {
                "psr-4": {
                    "Ergebnis\\Json\\SchemaValidator\\": "src/"
                }
            },
            "license": [
                "MIT"
            ],
            "description": "Provides a JSON schema validator, building on top of justinrainbow/json-schema."
        },
        {
            "name": "justinrainbow/json-schema",
            "version": "6.4.2",
            "source": {
                "type": "git",
                "url": "https://github.com/jsonrainbow/json-schema.git",
                "reference": "ce1fd2d47799bb60668643bc6220f6278a4c1d02"
            },
            "dist": {
                "type": "zip",
                "url": "https://api.github.com/repos/jsonrainbow/json-schema/zipball/ce1fd2d47799bb60668643bc6220f6278a4c1d02",
                "reference": "ce1fd2d47799bb60668643bc6220f6278a4c1d02"
            },
            "require": {
                "ext-json": "*",
                "marc-mabe/php-enum": "^4.0",
                "php": "^7.2 || ^8.0"
            },
            "bin": [
                "bin/validate-json"
            ],
            "type": "library",
            "extra": {
                "branch-alias": {
                    "dev-master": "6.x-dev"
                }
            },
            "autoload": {
                "psr-4": {
                    "JsonSchema\\": "src/JsonSchema/"
                }
            },
            "license": [
                "MIT"
            ],
            "description": "A library to validate a json schema."
        },
        {
            "name": "kubawerlos/composer-smaller-lock",
            "version": "1.1.0",
            "source": {
                "type": "git",
                "url": "https://github.com/kubawerlos/composer-smaller-lock.git",
                "reference": "a985cb7b56d7473a44e4ec37c07d4deb39871ac2"
            },
            "dist": {
                "type": "zip",
                "url": "https://api.github.com/repos/kubawerlos/composer-smaller-lock/zipball/a985cb7b56d7473a44e4ec37c07d4deb39871ac2",
                "reference": "a985cb7b56d7473a44e4ec37c07d4deb39871ac2"
            },
            "require": {
                "composer-plugin-api": "^2.0.12",
                "ext-json": "*",
                "php": "^7.4 || ^8.0"
            },
            "type": "composer-plugin",
            "extra": {
                "class": "ComposerSmallerLock\\Plugin"
            },
            "autoload": {
                "psr-4": {
                    "ComposerSmallerLock\\": "./src"
                }
            },
            "license": [
                "MIT"
            ],
            "description": "Plugin to keep composer.lock smaller and readable"
        },
        {
            "name": "kubawerlos/php-cs-fixer-custom-fixers",
            "version": "v3.32.0",
            "source": {
                "type": "git",
                "url": "https://github.com/kubawerlos/php-cs-fixer-custom-fixers.git",
                "reference": "c3a815a496f5cd6356726902f421013cbb7ba3f3"
            },
            "dist": {
                "type": "zip",
                "url": "https://api.github.com/repos/kubawerlos/php-cs-fixer-custom-fixers/zipball/c3a815a496f5cd6356726902f421013cbb7ba3f3",
                "reference": "c3a815a496f5cd6356726902f421013cbb7ba3f3"
            },
            "require": {
                "ext-filter": "*",
                "ext-tokenizer": "*",
                "friendsofphp/php-cs-fixer": "^3.85",
                "php": "^7.4 || ^8.0"
            },
            "type": "library",
            "autoload": {
                "psr-4": {
                    "PhpCsFixerCustomFixers\\": "src"
                }
            },
            "license": [
                "MIT"
            ],
            "description": "A set of custom fixers for PHP CS Fixer"
        },
        {
            "name": "localheinz/diff",
            "version": "1.2.0",
            "source": {
                "type": "git",
                "url": "https://github.com/localheinz/diff.git",
                "reference": "ec413943c2b518464865673fd5b38f7df867a010"
            },
            "dist": {
                "type": "zip",
                "url": "https://api.github.com/repos/localheinz/diff/zipball/ec413943c2b518464865673fd5b38f7df867a010",
                "reference": "ec413943c2b518464865673fd5b38f7df867a010"
            },
            "require": {
                "php": "~7.1.0 || ~7.2.0 || ~7.3.0 || ~7.4.0 || ~8.0.0 || ~8.1.0 || ~8.2.0 || ~8.3.0 || ~8.4.0"
            },
            "type": "library",
            "autoload": {
                "classmap": [
                    "src/"
                ]
            },
            "license": [
                "BSD-3-Clause"
            ],
            "description": "Fork of sebastian/diff for use with ergebnis/composer-normalize"
        },
        {
            "name": "marc-mabe/php-enum",
            "version": "v4.7.1",
            "source": {
                "type": "git",
                "url": "https://github.com/marc-mabe/php-enum.git",
                "reference": "7159809e5cfa041dca28e61f7f7ae58063aae8ed"
            },
            "dist": {
                "type": "zip",
                "url": "https://api.github.com/repos/marc-mabe/php-enum/zipball/7159809e5cfa041dca28e61f7f7ae58063aae8ed",
                "reference": "7159809e5cfa041dca28e61f7f7ae58063aae8ed"
            },
            "require": {
                "ext-reflection": "*",
                "php": "^7.1 | ^8.0"
            },
            "type": "library",
            "extra": {
                "branch-alias": {
                    "dev-3.x": "3.2-dev",
                    "dev-master": "4.7-dev"
                }
            },
            "autoload": {
                "psr-4": {
                    "MabeEnum\\": "src/"
                },
                "classmap": [
                    "stubs/Stringable.php"
                ]
            },
            "license": [
                "BSD-3-Clause"
            ],
            "description": "Simple and fast implementation of enumerations with native PHP"
        },
        {
            "name": "php-cs-fixer/shim",
            "version": "v3.85.1",
            "source": {
                "type": "git",
                "url": "https://github.com/PHP-CS-Fixer/shim.git",
                "reference": "00a3dad9505df669736aaa8c017e6cc74e46075a"
            },
            "dist": {
                "type": "zip",
                "url": "https://api.github.com/repos/PHP-CS-Fixer/shim/zipball/00a3dad9505df669736aaa8c017e6cc74e46075a",
                "reference": "00a3dad9505df669736aaa8c017e6cc74e46075a"
            },
            "require": {
                "ext-json": "*",
                "ext-tokenizer": "*",
                "php": "^7.4 || ^8.0"
            },
            "replace": {
                "friendsofphp/php-cs-fixer": "self.version"
            },
            "bin": [
                "php-cs-fixer",
                "php-cs-fixer.phar"
            ],
            "type": "application",
            "license": [
                "MIT"
            ],
            "description": "A tool to automatically fix PHP code style"
        },
        {
            "name": "tpay-com/coding-standards",
            "version": "1.1.0",
            "source": {
                "type": "git",
                "url": "https://github.com/tpay-com/php-coding-standards.git",
                "reference": "6a54d453d4322ac9f16b4d92166bd649b1fc3c54"
            },
            "dist": {
                "type": "zip",
                "url": "https://api.github.com/repos/tpay-com/php-coding-standards/zipball/6a54d453d4322ac9f16b4d92166bd649b1fc3c54",
                "reference": "6a54d453d4322ac9f16b4d92166bd649b1fc3c54"
            },
            "require": {
                "friendsofphp/php-cs-fixer": "^3.22",
                "kubawerlos/php-cs-fixer-custom-fixers": "^3.16.2",
                "php": "^7.4 || ^8.0"
            },
            "type": "library",
            "autoload": {
                "psr-4": {
                    "Tpay\\CodingStandards\\": "./src/"
                }
            },
            "license": [
                "MIT"
            ],
            "description": "Tpay.com coding standards library"
        }
    ],
    "packages-dev": [],
    "aliases": [],
    "minimum-stability": "stable",
    "stability-flags": {},
    "prefer-stable": false,
    "prefer-lowest": false,
    "platform": {},
    "platform-dev": {},
    "plugin-api-version": "2.6.0"
}
